# THIS IS AN AUTOGENERATED FILE. DO NOT EDIT THIS FILE DIRECTLY.
# yarn lockfile v1


"@react-navigation/core@^6.2.1":
  version "6.2.1"
  resolved "https://registry.npmjs.org/@react-navigation/core/-/core-6.2.1.tgz"
  integrity sha512-3mjS6ujwGnPA/BC11DN9c2c42gFld6B6dQBgDedxP2djceXESpY2kVTTwISDHuqFnF7WjvRjsrDu3cKBX+JosA==
  dependencies:
    "@react-navigation/routers" "^6.1.0"
    escape-string-regexp "^4.0.0"
    nanoid "^3.1.23"
    query-string "^7.0.0"
    react-is "^16.13.0"

"@react-navigation/elements@^1.3.3":
  version "1.3.3"
  resolved "https://registry.npmjs.org/@react-navigation/elements/-/elements-1.3.3.tgz"
  integrity sha512-Lv2lR7si5gNME8dRsqz57d54m4FJtrwHRjNQLOyQO546ZxO+g864cSvoLC6hQedQU0+IJnPTsZiEI2hHqfpEpw==

"@react-navigation/native-stack@^6.6.1":
  version "6.6.1"
  resolved "https://registry.npmjs.org/@react-navigation/native-stack/-/native-stack-6.6.1.tgz"
  integrity sha512-JQfM3VWTH241ZQhp+UDJ6dZ/WiKJpGxNO4NFNW9AT+D1mxA3GFC3BBiGZfacPrtMOlLmn9FHf0Kh5rD9JYlvhg==
  dependencies:
    "@react-navigation/elements" "^1.3.3"
    warn-once "^0.1.0"

"@react-navigation/native@^6.0.10":
  version "6.0.10"
  resolved "https://registry.npmjs.org/@react-navigation/native/-/native-6.0.10.tgz"
  integrity sha512-H6QhLeiieGxNcAJismIDXIPZgf1myr7Og8v116tezIGmincJTOcWavTd7lPHGnMMXaZg94LlVtbaBRIx9cexqw==
  dependencies:
    "@react-navigation/core" "^6.2.1"
    escape-string-regexp "^4.0.0"
    fast-deep-equal "^3.1.3"
    nanoid "^3.1.23"

"@react-navigation/routers@^6.1.0":
  version "6.1.0"
  resolved "https://registry.npmjs.org/@react-navigation/routers/-/routers-6.1.0.tgz"
  integrity sha512-8xJL+djIzpFdRW/sGlKojQ06fWgFk1c5jER9501HYJ12LF5DIJFr/tqBI2TJ6bk+y+QFu0nbNyeRC80OjRlmkA==
  dependencies:
    nanoid "^3.1.23"

decode-uri-component@^0.2.0:
  version "0.2.0"
  resolved "https://registry.npmjs.org/decode-uri-component/-/decode-uri-component-0.2.0.tgz"
  integrity sha1-6zkTMzRYd1y4TNGh+uBiEGu4dUU=

dom7@^4.0.4:
  version "4.0.4"
  resolved "https://registry.yarnpkg.com/dom7/-/dom7-4.0.4.tgz#8b68c5d8e5e2ed0fddb1cb93e433bc9060c8f3fb"
  integrity sha512-DSSgBzQ4rJWQp1u6o+3FVwMNnT5bzQbMb+o31TjYYeRi05uAcpF8koxdfzeoe5ElzPmua7W7N28YJhF7iEKqIw==
  dependencies:
    ssr-window "^4.0.0"

escape-string-regexp@^4.0.0:
  version "4.0.0"
  resolved "https://registry.npmjs.org/escape-string-regexp/-/escape-string-regexp-4.0.0.tgz"
  integrity sha512-TtpcNJ3XAzx3Gq8sWRzJaVajRs0uVxA2YAkdb1jm2YkPz4G6egUFAyA3n5vtEIZefPk5Wa4UXbKuS5fKkJWdgA==

fast-deep-equal@^3.1.3:
  version "3.1.3"
  resolved "https://registry.npmjs.org/fast-deep-equal/-/fast-deep-equal-3.1.3.tgz"
  integrity sha512-f3qQ9oQy9j2AhBe/H9VC91wLmKBCCU/gDOnKNAYG5hswO7BLKj09Hc5HYNz9cGI++xlpDCIgDaitVs03ATR84Q==

filter-obj@^1.1.0:
  version "1.1.0"
  resolved "https://registry.npmjs.org/filter-obj/-/filter-obj-1.1.0.tgz"
  integrity sha1-mzERErxsYSehbgFsbF1/GeCAXFs=

nanoid@^3.1.23:
  version "3.3.2"
  resolved "https://registry.npmjs.org/nanoid/-/nanoid-3.3.2.tgz"
  integrity sha512-CuHBogktKwpm5g2sRgv83jEy2ijFzBwMoYA60orPDR7ynsLijJDqgsi4RDGj3OJpy3Ieb+LYwiRmIOGyytgITA==

query-string@^7.0.0:
  version "7.1.1"
  resolved "https://registry.npmjs.org/query-string/-/query-string-7.1.1.tgz"
  integrity sha512-MplouLRDHBZSG9z7fpuAAcI7aAYjDLhtsiVZsevsfaHWDS2IDdORKbSd1kWUA+V4zyva/HZoSfpwnYMMQDhb0w==
  dependencies:
    decode-uri-component "^0.2.0"
    filter-obj "^1.1.0"
    split-on-first "^1.0.0"
    strict-uri-encode "^2.0.0"

react-freeze@^1.0.0:
  version "1.0.0"
  resolved "https://registry.npmjs.org/react-freeze/-/react-freeze-1.0.0.tgz"
  integrity sha512-yQaiOqDmoKqks56LN9MTgY06O0qQHgV4FUrikH357DydArSZHQhl0BJFqGKIZoTqi8JizF9Dxhuk1FIZD6qCaw==

react-is@^16.13.0:
  version "16.13.1"
  resolved "https://registry.npmjs.org/react-is/-/react-is-16.13.1.tgz"
  integrity sha512-24e6ynE2H+OKt4kqsOvNd8kBpV65zoxbA4BVsEOB3ARVWQki/DHzaUoC5KuON/BiccDaCCTZBuOcfZs70kR8bQ==

react-native-safe-area-context@^4.2.4:
  version "4.2.4"
  resolved "https://registry.npmjs.org/react-native-safe-area-context/-/react-native-safe-area-context-4.2.4.tgz"
  integrity sha512-OOX+W2G4YYufvryonn6Kw6YnyT8ZThkxPHZBD04NLHaZmicUaaDVII/PZ3M5fD1o5N62+T+8K4bCS5Un2ggvkA==

react-native-screens@^3.13.1:
  version "3.13.1"
  resolved "https://registry.npmjs.org/react-native-screens/-/react-native-screens-3.13.1.tgz"
  integrity sha512-xcrnuUs0qUrGpc2gOTDY4VgHHADQwp80mwR1prU/Q0JqbZN5W3koLhuOsT6FkSRKjR5t40l+4LcjhHdpqRB2HA==
  dependencies:
    react-freeze "^1.0.0"
    warn-once "^0.1.0"

split-on-first@^1.0.0:
  version "1.1.0"
  resolved "https://registry.npmjs.org/split-on-first/-/split-on-first-1.1.0.tgz"
  integrity sha512-43ZssAJaMusuKWL8sKUBQXHWOpq8d6CfN/u1p4gUzfJkM05C8rxTmYrkIPTXapZpORA6LkkzcUulJ8FqA7Uudw==

ssr-window@^4.0.0, ssr-window@^4.0.2:
  version "4.0.2"
  resolved "https://registry.yarnpkg.com/ssr-window/-/ssr-window-4.0.2.tgz#dc6b3ee37be86ac0e3ddc60030f7b3bc9b8553be"
  integrity sha512-ISv/Ch+ig7SOtw7G2+qkwfVASzazUnvlDTwypdLoPoySv+6MqlOV10VwPSE6EWkGjhW50lUmghPmpYZXMu/+AQ==

strict-uri-encode@^2.0.0:
  version "2.0.0"
  resolved "https://registry.npmjs.org/strict-uri-encode/-/strict-uri-encode-2.0.0.tgz"
  integrity sha1-ucczDHBChi9rFC3CdLvMWGbONUY=

swiper@^8.0.7:
  version "8.0.7"
  resolved "https://registry.yarnpkg.com/swiper/-/swiper-8.0.7.tgz#9eefe26c703e627a6dc7237c0109e172ce06e3f6"
  integrity sha512-GHjDfxSZdupfU7LrSVOpaNaT7R1D2zxopPGBFz1UOXOtsYvVJLg0k6NvkTAD7qn0ASl5pTti82qoYwvYvIkg4g==
  dependencies:
    dom7 "^4.0.4"
    ssr-window "^4.0.2"

warn-once@^0.1.0:
  version "0.1.0"
  resolved "https://registry.npmjs.org/warn-once/-/warn-once-0.1.0.tgz"
  integrity sha512-recZTSvuaH/On5ZU5ywq66y99lImWqzP93+AiUo9LUwG8gXHW+LJjhOd6REJHm7qb0niYqrEQJvbHSQfuJtTqA==
